
Microsoft Visual Studio Solution File, Format Version 12.00
# Visual Studio Version 16
VisualStudioVersion = 16.0.30611.23
MinimumVisualStudioVersion = 10.0.40219.1
Project("{FAE04EC0-301F-11D3-BF4B-00C04F79EFBC}") = "SocialNetwork.WepAPI", "SocialNetwork.WepAPI\SocialNetwork.WepAPI.csproj", "{80902F7B-1343-4393-B3BF-AF8C639448B8}"
EndProject
Project("{FAE04EC0-301F-11D3-BF4B-00C04F79EFBC}") = "SocialNetwork.Data", "SocialNetwork.Data\SocialNetwork.Data.csproj", "{A06AB1BF-DCEA-4C33-8766-4EE397E7ABFD}"
EndProject
Project("{FAE04EC0-301F-11D3-BF4B-00C04F79EFBC}") = "SocialNetwork.Models", "SocialNetwork.Models\SocialNetwork.Models.csproj", "{509A53AE-CCDE-47E9-9C81-0C31C299478A}"
EndProject
Project("{FAE04EC0-301F-11D3-BF4B-00C04F79EFBC}") = "SocialNetwork.Services", "SocialNetwork.Services\SocialNetwork.Services.csproj", "{8415C50F-3C4B-4009-88FD-294E5A1BE31C}"
EndProject
Global
	GlobalSection(SolutionConfigurationPlatforms) = preSolution
		Debug|Any CPU = Debug|Any CPU
		Release|Any CPU = Release|Any CPU
	EndGlobalSection
	GlobalSection(ProjectConfigurationPlatforms) = postSolution
		{80902F7B-1343-4393-B3BF-AF8C639448B8}.Debug|Any CPU.ActiveCfg = Debug|Any CPU
		{80902F7B-1343-4393-B3BF-AF8C639448B8}.Debug|Any CPU.Build.0 = Debug|Any CPU
		{80902F7B-1343-4393-B3BF-AF8C639448B8}.Release|Any CPU.ActiveCfg = Release|Any CPU
		{80902F7B-1343-4393-B3BF-AF8C639448B8}.Release|Any CPU.Build.0 = Release|Any CPU
		{A06AB1BF-DCEA-4C33-8766-4EE397E7ABFD}.Debug|Any CPU.ActiveCfg = Debug|Any CPU
		{A06AB1BF-DCEA-4C33-8766-4EE397E7ABFD}.Debug|Any CPU.Build.0 = Debug|Any CPU
		{A06AB1BF-DCEA-4C33-8766-4EE397E7ABFD}.Release|Any CPU.ActiveCfg = Release|Any CPU
		{A06AB1BF-DCEA-4C33-8766-4EE397E7ABFD}.Release|Any CPU.Build.0 = Release|Any CPU
		{509A53AE-CCDE-47E9-9C81-0C31C299478A}.Debug|Any CPU.ActiveCfg = Debug|Any CPU
		{509A53AE-CCDE-47E9-9C81-0C31C299478A}.Debug|Any CPU.Build.0 = Debug|Any CPU
		{509A53AE-CCDE-47E9-9C81-0C31C299478A}.Release|Any CPU.ActiveCfg = Release|Any CPU
		{509A53AE-CCDE-47E9-9C81-0C31C299478A}.Release|Any CPU.Build.0 = Release|Any CPU
		{8415C50F-3C4B-4009-88FD-294E5A1BE31C}.Debug|Any CPU.ActiveCfg = Debug|Any CPU
		{8415C50F-3C4B-4009-88FD-294E5A1BE31C}.Debug|Any CPU.Build.0 = Debug|Any CPU
		{8415C50F-3C4B-4009-88FD-294E5A1BE31C}.Release|Any CPU.ActiveCfg = Release|Any CPU
		{8415C50F-3C4B-4009-88FD-294E5A1BE31C}.Release|Any CPU.Build.0 = Release|Any CPU
	EndGlobalSection
	GlobalSection(SolutionProperties) = preSolution
		HideSolutionNode = FALSE
	EndGlobalSection
	GlobalSection(ExtensibilityGlobals) = postSolution
		SolutionGuid = {3213890B-A7B2-45AD-96F3-DC56DD932FFB}
	EndGlobalSection
EndGlobal
